
Microsoft Visual Studio Solution File, Format Version 12.00
# Visual Studio Version 17
VisualStudioVersion = 17.14.36603.0
MinimumVisualStudioVersion = 10.0.40219.1
Project("{FAE04EC0-301F-11D3-BF4B-00C04F79EFBC}") = "WorkShop.Web", "WorkShop.Web\WorkShop.Web.csproj", "{6174FACF-42B0-484F-9489-8AD979847811}"
	ProjectSection(ProjectDependencies) = postProject
		{29C008F0-AAE8-4A4A-A771-AB673735D18B} = {29C008F0-AAE8-4A4A-A771-AB673735D18B}
		{6E060AA7-FB1F-4995-94CD-4F918F1A471B} = {6E060AA7-FB1F-4995-94CD-4F918F1A471B}
	EndProjectSection
EndProject
Project("{FAE04EC0-301F-11D3-BF4B-00C04F79EFBC}") = "WorkShop.Core", "WorkShop.Core\WorkShop.Core.csproj", "{29C008F0-AAE8-4A4A-A771-AB673735D18B}"
EndProject
Project("{FAE04EC0-301F-11D3-BF4B-00C04F79EFBC}") = "WorkShop.Infrastructure", "WorkShop.Infrastructure\WorkShop.Infrastructure.csproj", "{6E060AA7-FB1F-4995-94CD-4F918F1A471B}"
EndProject
Project("{FAE04EC0-301F-11D3-BF4B-00C04F79EFBC}") = "WorkShop.Service", "WorkShop.Service\WorkShop.Service.csproj", "{3353530A-28C3-423C-A751-AC324562AEB3}"
EndProject
Project("{FAE04EC0-301F-11D3-BF4B-00C04F79EFBC}") = "EncryptDecrypt", "EncryptDecrypt\EncryptDecrypt.csproj", "{32BEE379-232D-1844-F7FE-608EAE265C33}"
EndProject
Global
	GlobalSection(SolutionConfigurationPlatforms) = preSolution
		Debug|Any CPU = Debug|Any CPU
		Release|Any CPU = Release|Any CPU
	EndGlobalSection
	GlobalSection(ProjectConfigurationPlatforms) = postSolution
		{6174FACF-42B0-484F-9489-8AD979847811}.Debug|Any CPU.ActiveCfg = Debug|Any CPU
		{6174FACF-42B0-484F-9489-8AD979847811}.Debug|Any CPU.Build.0 = Debug|Any CPU
		{6174FACF-42B0-484F-9489-8AD979847811}.Release|Any CPU.ActiveCfg = Release|Any CPU
		{6174FACF-42B0-484F-9489-8AD979847811}.Release|Any CPU.Build.0 = Release|Any CPU
		{29C008F0-AAE8-4A4A-A771-AB673735D18B}.Debug|Any CPU.ActiveCfg = Debug|Any CPU
		{29C008F0-AAE8-4A4A-A771-AB673735D18B}.Debug|Any CPU.Build.0 = Debug|Any CPU
		{29C008F0-AAE8-4A4A-A771-AB673735D18B}.Release|Any CPU.ActiveCfg = Release|Any CPU
		{29C008F0-AAE8-4A4A-A771-AB673735D18B}.Release|Any CPU.Build.0 = Release|Any CPU
		{6E060AA7-FB1F-4995-94CD-4F918F1A471B}.Debug|Any CPU.ActiveCfg = Debug|Any CPU
		{6E060AA7-FB1F-4995-94CD-4F918F1A471B}.Debug|Any CPU.Build.0 = Debug|Any CPU
		{6E060AA7-FB1F-4995-94CD-4F918F1A471B}.Release|Any CPU.ActiveCfg = Release|Any CPU
		{6E060AA7-FB1F-4995-94CD-4F918F1A471B}.Release|Any CPU.Build.0 = Release|Any CPU
		{3353530A-28C3-423C-A751-AC324562AEB3}.Debug|Any CPU.ActiveCfg = Debug|Any CPU
		{3353530A-28C3-423C-A751-AC324562AEB3}.Debug|Any CPU.Build.0 = Debug|Any CPU
		{3353530A-28C3-423C-A751-AC324562AEB3}.Release|Any CPU.ActiveCfg = Release|Any CPU
		{3353530A-28C3-423C-A751-AC324562AEB3}.Release|Any CPU.Build.0 = Release|Any CPU
		{32BEE379-232D-1844-F7FE-608EAE265C33}.Debug|Any CPU.ActiveCfg = Debug|Any CPU
		{32BEE379-232D-1844-F7FE-608EAE265C33}.Debug|Any CPU.Build.0 = Debug|Any CPU
		{32BEE379-232D-1844-F7FE-608EAE265C33}.Release|Any CPU.ActiveCfg = Release|Any CPU
		{32BEE379-232D-1844-F7FE-608EAE265C33}.Release|Any CPU.Build.0 = Release|Any CPU
	EndGlobalSection
	GlobalSection(SolutionProperties) = preSolution
		HideSolutionNode = FALSE
	EndGlobalSection
	GlobalSection(ExtensibilityGlobals) = postSolution
		SolutionGuid = {CB95C500-87E5-421A-BA6F-CB6873D6CE2C}
	EndGlobalSection
EndGlobal
